// !$*UTF8*$!
{
	archiveVersion = 1;
	classes = {
	};
	objectVersion = 56;
	objects = {

/* Begin PBXBuildFile section */
		AE1B28DC2B1F8BD1004181BC /* background.png in Resources */ = {isa = PBXBuildFile; fileRef = AE1B28DB2B1F8BD1004181BC /* background.png */; };
		AE1B28E02B21A8C3004181BC /* InfoCell.swift in Sources */ = {isa = PBXBuildFile; fileRef = AE1B28DF2B21A8C3004181BC /* InfoCell.swift */; };
		AE1B28E22B21ADC9004181BC /* Main.storyboard in Resources */ = {isa = PBXBuildFile; fileRef = AE1B28E12B21ADC9004181BC /* Main.storyboard */; };
		AE1B28E42B21B0C6004181BC /* InfoData.swift in Sources */ = {isa = PBXBuildFile; fileRef = AE1B28E32B21B0C6004181BC /* InfoData.swift */; };
		AE25E00F2B0D7EF100681251 /* AppDelegate.swift in Sources */ = {isa = PBXBuildFile; fileRef = AE25E00E2B0D7EF100681251 /* AppDelegate.swift */; };
		AE25E0112B0D7EF100681251 /* SceneDelegate.swift in Sources */ = {isa = PBXBuildFile; fileRef = AE25E0102B0D7EF100681251 /* SceneDelegate.swift */; };
		AE25E0132B0D7EF100681251 /* TimerViewController.swift in Sources */ = {isa = PBXBuildFile; fileRef = AE25E0122B0D7EF100681251 /* TimerViewController.swift */; };
		AE25E0182B0D7EF200681251 /* Assets.xcassets in Resources */ = {isa = PBXBuildFile; fileRef = AE25E0172B0D7EF200681251 /* Assets.xcassets */; };
		AE25E01B2B0D7EF200681251 /* LaunchScreen.storyboard in Resources */ = {isa = PBXBuildFile; fileRef = AE25E0192B0D7EF200681251 /* LaunchScreen.storyboard */; };
		AE39710D2B1F5E7300EB5C75 /* InfoViewController.swift in Sources */ = {isa = PBXBuildFile; fileRef = AE39710C2B1F5E7300EB5C75 /* InfoViewController.swift */; };
		AE56CA902B1BA29B001623E0 /* CycleData.xcdatamodeld in Sources */ = {isa = PBXBuildFile; fileRef = AE56CA8E2B1BA29B001623E0 /* CycleData.xcdatamodeld */; };
		AE56CA922B1BA48D001623E0 /* DataControl.swift in Sources */ = {isa = PBXBuildFile; fileRef = AE56CA912B1BA48D001623E0 /* DataControl.swift */; };
		AEA9B6DE2B1B7AB4008B0727 /* CalendarViewController.swift in Sources */ = {isa = PBXBuildFile; fileRef = AEA9B6DD2B1B7AB4008B0727 /* CalendarViewController.swift */; };
		AEBBB91E2B24E70000BBB0CC /* Detail.storyboard in Resources */ = {isa = PBXBuildFile; fileRef = AEBBB91D2B24E70000BBB0CC /* Detail.storyboard */; };
		AEBBB9222B24EC0800BBB0CC /* DetailViewController.swift in Sources */ = {isa = PBXBuildFile; fileRef = AEBBB9212B24EC0800BBB0CC /* DetailViewController.swift */; };
/* End PBXBuildFile section */

/* Begin PBXFileReference section */
		AE1B28DB2B1F8BD1004181BC /* background.png */ = {isa = PBXFileReference; lastKnownFileType = image.png; path = background.png; sourceTree = "<group>"; };
		AE1B28DF2B21A8C3004181BC /* InfoCell.swift */ = {isa = PBXFileReference; lastKnownFileType = sourcecode.swift; path = InfoCell.swift; sourceTree = "<group>"; };
		AE1B28E12B21ADC9004181BC /* Main.storyboard */ = {isa = PBXFileReference; fileEncoding = 4; lastKnownFileType = file.storyboard; path = Main.storyboard; sourceTree = "<group>"; };
		AE1B28E32B21B0C6004181BC /* InfoData.swift */ = {isa = PBXFileReference; lastKnownFileType = sourcecode.swift; path = InfoData.swift; sourceTree = "<group>"; };
		AE25E00B2B0D7EF100681251 /* mealTimer.app */ = {isa = PBXFileReference; explicitFileType = wrapper.application; includeInIndex = 0; path = mealTimer.app; sourceTree = BUILT_PRODUCTS_DIR; };
		AE25E00E2B0D7EF100681251 /* AppDelegate.swift */ = {isa = PBXFileReference; lastKnownFileType = sourcecode.swift; path = AppDelegate.swift; sourceTree = "<group>"; };
		AE25E0102B0D7EF100681251 /* SceneDelegate.swift */ = {isa = PBXFileReference; lastKnownFileType = sourcecode.swift; path = SceneDelegate.swift; sourceTree = "<group>"; };
		AE25E0122B0D7EF100681251 /* TimerViewController.swift */ = {isa = PBXFileReference; lastKnownFileType = sourcecode.swift; path = TimerViewController.swift; sourceTree = "<group>"; };
		AE25E0172B0D7EF200681251 /* Assets.xcassets */ = {isa = PBXFileReference; lastKnownFileType = folder.assetcatalog; path = Assets.xcassets; sourceTree = "<group>"; };
		AE25E01A2B0D7EF200681251 /* Base */ = {isa = PBXFileReference; lastKnownFileType = file.storyboard; name = Base; path = Base.lproj/LaunchScreen.storyboard; sourceTree = "<group>"; };
		AE25E01C2B0D7EF200681251 /* Info.plist */ = {isa = PBXFileReference; lastKnownFileType = text.plist.xml; path = Info.plist; sourceTree = "<group>"; };
		AE39710C2B1F5E7300EB5C75 /* InfoViewController.swift */ = {isa = PBXFileReference; lastKnownFileType = sourcecode.swift; path = InfoViewController.swift; sourceTree = "<group>"; };
		AE56CA8F2B1BA29B001623E0 /* CycleData.xcdatamodel */ = {isa = PBXFileReference; lastKnownFileType = wrapper.xcdatamodel; path = CycleData.xcdatamodel; sourceTree = "<group>"; };
		AE56CA912B1BA48D001623E0 /* DataControl.swift */ = {isa = PBXFileReference; lastKnownFileType = sourcecode.swift; path = DataControl.swift; sourceTree = "<group>"; };
		AEA9B6DD2B1B7AB4008B0727 /* CalendarViewController.swift */ = {isa = PBXFileReference; fileEncoding = 4; lastKnownFileType = sourcecode.swift; path = CalendarViewController.swift; sourceTree = "<group>"; };
		AEBBB91D2B24E70000BBB0CC /* Detail.storyboard */ = {isa = PBXFileReference; lastKnownFileType = file.storyboard; path = Detail.storyboard; sourceTree = "<group>"; };
		AEBBB9212B24EC0800BBB0CC /* DetailViewController.swift */ = {isa = PBXFileReference; lastKnownFileType = sourcecode.swift; path = DetailViewController.swift; sourceTree = "<group>"; };
/* End PBXFileReference section */

/* Begin PBXFrameworksBuildPhase section */
		AE25E0082B0D7EF100681251 /* Frameworks */ = {
			isa = PBXFrameworksBuildPhase;
			buildActionMask = 2147483647;
			files = (
			);
			runOnlyForDeploymentPostprocessing = 0;
		};
/* End PBXFrameworksBuildPhase section */

/* Begin PBXGroup section */
		AE25E0022B0D7EF100681251 = {
			isa = PBXGroup;
			children = (
				AE25E00D2B0D7EF100681251 /* mealTimer */,
				AE25E00C2B0D7EF100681251 /* Products */,
			);
			sourceTree = "<group>";
		};
		AE25E00C2B0D7EF100681251 /* Products */ = {
			isa = PBXGroup;
			children = (
				AE25E00B2B0D7EF100681251 /* mealTimer.app */,
			);
			name = Products;
			sourceTree = "<group>";
		};
		AE25E00D2B0D7EF100681251 /* mealTimer */ = {
			isa = PBXGroup;
			children = (
				AE25E00E2B0D7EF100681251 /* AppDelegate.swift */,
				AE25E0102B0D7EF100681251 /* SceneDelegate.swift */,
				AE3AE1002B1BB06C00230893 /* CoreData */,
				AE3AE0FF2B1BB05B00230893 /* View */,
				AE25E0172B0D7EF200681251 /* Assets.xcassets */,
				AE1B28DB2B1F8BD1004181BC /* background.png */,
				AE25E01C2B0D7EF200681251 /* Info.plist */,
				AE25E0192B0D7EF200681251 /* LaunchScreen.storyboard */,
				AE1B28E12B21ADC9004181BC /* Main.storyboard */,
			);
			path = mealTimer;
			sourceTree = "<group>";
		};
		AE3AE0FF2B1BB05B00230893 /* View */ = {
			isa = PBXGroup;
			children = (
				AEAA69992B24EDFA004A5302 /* TimerView */,
				AEAA699A2B24EE06004A5302 /* CalendarView */,
				AEAA699B2B24EE10004A5302 /* InfoView */,
			);
			path = View;
			sourceTree = "<group>";
		};
		AE3AE1002B1BB06C00230893 /* CoreData */ = {
			isa = PBXGroup;
			children = (
				AE56CA912B1BA48D001623E0 /* DataControl.swift */,
				AE56CA8E2B1BA29B001623E0 /* CycleData.xcdatamodeld */,
			);
			path = CoreData;
			sourceTree = "<group>";
		};
		AEAA69992B24EDFA004A5302 /* TimerView */ = {
			isa = PBXGroup;
			children = (
				AE25E0122B0D7EF100681251 /* TimerViewController.swift */,
			);
			path = TimerView;
			sourceTree = "<group>";
		};
		AEAA699A2B24EE06004A5302 /* CalendarView */ = {
			isa = PBXGroup;
			children = (
				AEA9B6DD2B1B7AB4008B0727 /* CalendarViewController.swift */,
			);
			path = CalendarView;
			sourceTree = "<group>";
		};
		AEAA699B2B24EE10004A5302 /* InfoView */ = {
			isa = PBXGroup;
			children = (
				AE39710C2B1F5E7300EB5C75 /* InfoViewController.swift */,
				AE1B28E32B21B0C6004181BC /* InfoData.swift */,
				AE1B28DF2B21A8C3004181BC /* InfoCell.swift */,
				AEAA699C2B24EE90004A5302 /* DetailView */,
			);
			path = InfoView;
			sourceTree = "<group>";
		};
		AEAA699C2B24EE90004A5302 /* DetailView */ = {
			isa = PBXGroup;
			children = (
				AEBBB9212B24EC0800BBB0CC /* DetailViewController.swift */,
				AEBBB91D2B24E70000BBB0CC /* Detail.storyboard */,
			);
			path = DetailView;
			sourceTree = "<group>";
		};
/* End PBXGroup section */

/* Begin PBXNativeTarget section */
		AE25E00A2B0D7EF100681251 /* mealTimer */ = {
			isa = PBXNativeTarget;
			buildConfigurationList = AE25E01F2B0D7EF200681251 /* Build configuration list for PBXNativeTarget "mealTimer" */;
			buildPhases = (
				AE25E0072B0D7EF100681251 /* Sources */,
				AE25E0082B0D7EF100681251 /* Frameworks */,
				AE25E0092B0D7EF100681251 /* Resources */,
			);
			buildRules = (
			);
			dependencies = (
			);
			name = mealTimer;
			productName = mealTimer;
			productReference = AE25E00B2B0D7EF100681251 /* mealTimer.app */;
			productType = "com.apple.product-type.application";
		};
/* End PBXNativeTarget section */

/* Begin PBXProject section */
		AE25E0032B0D7EF100681251 /* Project object */ = {
			isa = PBXProject;
			attributes = {
				BuildIndependentTargetsInParallel = 1;
				LastSwiftUpdateCheck = 1420;
				LastUpgradeCheck = 1420;
				TargetAttributes = {
					AE25E00A2B0D7EF100681251 = {
						CreatedOnToolsVersion = 14.2;
					};
				};
			};
			buildConfigurationList = AE25E0062B0D7EF100681251 /* Build configuration list for PBXProject "mealTimer" */;
			compatibilityVersion = "Xcode 14.0";
			developmentRegion = en;
			hasScannedForEncodings = 0;
			knownRegions = (
				en,
				Base,
			);
			mainGroup = AE25E0022B0D7EF100681251;
			productRefGroup = AE25E00C2B0D7EF100681251 /* Products */;
			projectDirPath = "";
			projectRoot = "";
			targets = (
				AE25E00A2B0D7EF100681251 /* mealTimer */,
			);
		};
/* End PBXProject section */

/* Begin PBXResourcesBuildPhase section */
		AE25E0092B0D7EF100681251 /* Resources */ = {
			isa = PBXResourcesBuildPhase;
			buildActionMask = 2147483647;
			files = (
				AE25E01B2B0D7EF200681251 /* LaunchScreen.storyboard in Resources */,
				AE1B28E22B21ADC9004181BC /* Main.storyboard in Resources */,
				AE25E0182B0D7EF200681251 /* Assets.xcassets in Resources */,
				AEBBB91E2B24E70000BBB0CC /* Detail.storyboard in Resources */,
				AE1B28DC2B1F8BD1004181BC /* background.png in Resources */,
			);
			runOnlyForDeploymentPostprocessing = 0;
		};
/* End PBXResourcesBuildPhase section */

/* Begin PBXSourcesBuildPhase section */
		AE25E0072B0D7EF100681251 /* Sources */ = {
			isa = PBXSourcesBuildPhase;
			buildActionMask = 2147483647;
			files = (
				AE56CA922B1BA48D001623E0 /* DataControl.swift in Sources */,
				AEA9B6DE2B1B7AB4008B0727 /* CalendarViewController.swift in Sources */,
				AE1B28E02B21A8C3004181BC /* InfoCell.swift in Sources */,
				AE56CA902B1BA29B001623E0 /* CycleData.xcdatamodeld in Sources */,
				AE39710D2B1F5E7300EB5C75 /* InfoViewController.swift in Sources */,
				AE25E0132B0D7EF100681251 /* TimerViewController.swift in Sources */,
				AE25E00F2B0D7EF100681251 /* AppDelegate.swift in Sources */,
				AEBBB9222B24EC0800BBB0CC /* DetailViewController.swift in Sources */,
				AE1B28E42B21B0C6004181BC /* InfoData.swift in Sources */,
				AE25E0112B0D7EF100681251 /* SceneDelegate.swift in Sources */,
			);
			runOnlyForDeploymentPostprocessing = 0;
		};
/* End PBXSourcesBuildPhase section */

/* Begin PBXVariantGroup section */
		AE25E0192B0D7EF200681251 /* LaunchScreen.storyboard */ = {
			isa = PBXVariantGroup;
			children = (
				AE25E01A2B0D7EF200681251 /* Base */,
			);
			name = LaunchScreen.storyboard;
			sourceTree = "<group>";
		};
/* End PBXVariantGroup section */

/* Begin XCBuildConfiguration section */
		AE25E01D2B0D7EF200681251 /* Debug */ = {
			isa = XCBuildConfiguration;
			buildSettings = {
				ALWAYS_SEARCH_USER_PATHS = NO;
				CLANG_ANALYZER_NONNULL = YES;
				CLANG_ANALYZER_NUMBER_OBJECT_CONVERSION = YES_AGGRESSIVE;
				CLANG_CXX_LANGUAGE_STANDARD = "gnu++20";
				CLANG_ENABLE_MODULES = YES;
				CLANG_ENABLE_OBJC_ARC = YES;
				CLANG_ENABLE_OBJC_WEAK = YES;
				CLANG_WARN_BLOCK_CAPTURE_AUTORELEASING = YES;
				CLANG_WARN_BOOL_CONVERSION = YES;
				CLANG_WARN_COMMA = YES;
				CLANG_WARN_CONSTANT_CONVERSION = YES;
				CLANG_WARN_DEPRECATED_OBJC_IMPLEMENTATIONS = YES;
				CLANG_WARN_DIRECT_OBJC_ISA_USAGE = YES_ERROR;
				CLANG_WARN_DOCUMENTATION_COMMENTS = YES;
				CLANG_WARN_EMPTY_BODY = YES;
				CLANG_WARN_ENUM_CONVERSION = YES;
				CLANG_WARN_INFINITE_RECURSION = YES;
				CLANG_WARN_INT_CONVERSION = YES;
				CLANG_WARN_NON_LITERAL_NULL_CONVERSION = YES;
				CLANG_WARN_OBJC_IMPLICIT_RETAIN_SELF = YES;
				CLANG_WARN_OBJC_LITERAL_CONVERSION = YES;
				CLANG_WARN_OBJC_ROOT_CLASS = YES_ERROR;
				CLANG_WARN_QUOTED_INCLUDE_IN_FRAMEWORK_HEADER = YES;
				CLANG_WARN_RANGE_LOOP_ANALYSIS = YES;
				CLANG_WARN_STRICT_PROTOTYPES = YES;
				CLANG_WARN_SUSPICIOUS_MOVE = YES;
				CLANG_WARN_UNGUARDED_AVAILABILITY = YES_AGGRESSIVE;
				CLANG_WARN_UNREACHABLE_CODE = YES;
				CLANG_WARN__DUPLICATE_METHOD_MATCH = YES;
				COPY_PHASE_STRIP = NO;
				DEBUG_INFORMATION_FORMAT = dwarf;
				ENABLE_STRICT_OBJC_MSGSEND = YES;
				ENABLE_TESTABILITY = YES;
				GCC_C_LANGUAGE_STANDARD = gnu11;
				GCC_DYNAMIC_NO_PIC = NO;
				GCC_NO_COMMON_BLOCKS = YES;
				GCC_OPTIMIZATION_LEVEL = 0;
				GCC_PREPROCESSOR_DEFINITIONS = (
					"DEBUG=1",
					"$(inherited)",
				);
				GCC_WARN_64_TO_32_BIT_CONVERSION = YES;
				GCC_WARN_ABOUT_RETURN_TYPE = YES_ERROR;
				GCC_WARN_UNDECLARED_SELECTOR = YES;
				GCC_WARN_UNINITIALIZED_AUTOS = YES_AGGRESSIVE;
				GCC_WARN_UNUSED_FUNCTION = YES;
				GCC_WARN_UNUSED_VARIABLE = YES;
				IPHONEOS_DEPLOYMENT_TARGET = 16.2;
				MTL_ENABLE_DEBUG_INFO = INCLUDE_SOURCE;
				MTL_FAST_MATH = YES;
				ONLY_ACTIVE_ARCH = YES;
				SDKROOT = iphoneos;
				SWIFT_ACTIVE_COMPILATION_CONDITIONS = DEBUG;
				SWIFT_OPTIMIZATION_LEVEL = "-Onone";
			};
			name = Debug;
		};
		AE25E01E2B0D7EF200681251 /* Release */ = {
			isa = XCBuildConfiguration;
			buildSettings = {
				ALWAYS_SEARCH_USER_PATHS = NO;
				CLANG_ANALYZER_NONNULL = YES;
				CLANG_ANALYZER_NUMBER_OBJECT_CONVERSION = YES_AGGRESSIVE;
				CLANG_CXX_LANGUAGE_STANDARD = "gnu++20";
				CLANG_ENABLE_MODULES = YES;
				CLANG_ENABLE_OBJC_ARC = YES;
				CLANG_ENABLE_OBJC_WEAK = YES;
				CLANG_WARN_BLOCK_CAPTURE_AUTORELEASING = YES;
				CLANG_WARN_BOOL_CONVERSION = YES;
				CLANG_WARN_COMMA = YES;
				CLANG_WARN_CONSTANT_CONVERSION = YES;
				CLANG_WARN_DEPRECATED_OBJC_IMPLEMENTATIONS = YES;
				CLANG_WARN_DIRECT_OBJC_ISA_USAGE = YES_ERROR;
				CLANG_WARN_DOCUMENTATION_COMMENTS = YES;
				CLANG_WARN_EMPTY_BODY = YES;
				CLANG_WARN_ENUM_CONVERSION = YES;
				CLANG_WARN_INFINITE_RECURSION = YES;
				CLANG_WARN_INT_CONVERSION = YES;
				CLANG_WARN_NON_LITERAL_NULL_CONVERSION = YES;
				CLANG_WARN_OBJC_IMPLICIT_RETAIN_SELF = YES;
				CLANG_WARN_OBJC_LITERAL_CONVERSION = YES;
				CLANG_WARN_OBJC_ROOT_CLASS = YES_ERROR;
				CLANG_WARN_QUOTED_INCLUDE_IN_FRAMEWORK_HEADER = YES;
				CLANG_WARN_RANGE_LOOP_ANALYSIS = YES;
				CLANG_WARN_STRICT_PROTOTYPES = YES;
				CLANG_WARN_SUSPICIOUS_MOVE = YES;
				CLANG_WARN_UNGUARDED_AVAILABILITY = YES_AGGRESSIVE;
				CLANG_WARN_UNREACHABLE_CODE = YES;
				CLANG_WARN__DUPLICATE_METHOD_MATCH = YES;
				COPY_PHASE_STRIP = NO;
				DEBUG_INFORMATION_FORMAT = "dwarf-with-dsym";
				ENABLE_NS_ASSERTIONS = NO;
				ENABLE_STRICT_OBJC_MSGSEND = YES;
				GCC_C_LANGUAGE_STANDARD = gnu11;
				GCC_NO_COMMON_BLOCKS = YES;
				GCC_WARN_64_TO_32_BIT_CONVERSION = YES;
				GCC_WARN_ABOUT_RETURN_TYPE = YES_ERROR;
				GCC_WARN_UNDECLARED_SELECTOR = YES;
				GCC_WARN_UNINITIALIZED_AUTOS = YES_AGGRESSIVE;
				GCC_WARN_UNUSED_FUNCTION = YES;
				GCC_WARN_UNUSED_VARIABLE = YES;
				IPHONEOS_DEPLOYMENT_TARGET = 16.2;
				MTL_ENABLE_DEBUG_INFO = NO;
				MTL_FAST_MATH = YES;
				SDKROOT = iphoneos;
				SWIFT_COMPILATION_MODE = wholemodule;
				SWIFT_OPTIMIZATION_LEVEL = "-O";
				VALIDATE_PRODUCT = YES;
			};
			name = Release;
		};
		AE25E0202B0D7EF200681251 /* Debug */ = {
			isa = XCBuildConfiguration;
			buildSettings = {
				ASSETCATALOG_COMPILER_APPICON_NAME = AppIcon;
				ASSETCATALOG_COMPILER_GLOBAL_ACCENT_COLOR_NAME = AccentColor;
				CODE_SIGN_STYLE = Automatic;
				CURRENT_PROJECT_VERSION = 1;
				DEVELOPMENT_TEAM = 2D93FKS52V;
				GENERATE_INFOPLIST_FILE = YES;
				INFOPLIST_FILE = mealTimer/Info.plist;
				INFOPLIST_KEY_UIApplicationSupportsIndirectInputEvents = YES;
				INFOPLIST_KEY_UILaunchStoryboardName = LaunchScreen;
				INFOPLIST_KEY_UIMainStoryboardFile = Main;
				INFOPLIST_KEY_UISupportedInterfaceOrientations_iPad = "UIInterfaceOrientationPortrait UIInterfaceOrientationPortraitUpsideDown UIInterfaceOrientationLandscapeLeft UIInterfaceOrientationLandscapeRight";
				INFOPLIST_KEY_UISupportedInterfaceOrientations_iPhone = "UIInterfaceOrientationPortrait UIInterfaceOrientationLandscapeLeft UIInterfaceOrientationLandscapeRight";
				LD_RUNPATH_SEARCH_PATHS = (
					"$(inherited)",
					"@executable_path/Frameworks",
				);
				MARKETING_VERSION = 1.0;
				PRODUCT_BUNDLE_IDENTIFIER = leejay.mealTimer;
				PRODUCT_NAME = "$(TARGET_NAME)";
				SWIFT_EMIT_LOC_STRINGS = YES;
				SWIFT_VERSION = 5.0;
				TARGETED_DEVICE_FAMILY = "1,2";
			};
			name = Debug;
		};
		AE25E0212B0D7EF200681251 /* Release */ = {
			isa = XCBuildConfiguration;
			buildSettings = {
				ASSETCATALOG_COMPILER_APPICON_NAME = AppIcon;
				ASSETCATALOG_COMPILER_GLOBAL_ACCENT_COLOR_NAME = AccentColor;
				CODE_SIGN_STYLE = Automatic;
				CURRENT_PROJECT_VERSION = 1;
				DEVELOPMENT_TEAM = 2D93FKS52V;
				GENERATE_INFOPLIST_FILE = YES;
				INFOPLIST_FILE = mealTimer/Info.plist;
				INFOPLIST_KEY_UIApplicationSupportsIndirectInputEvents = YES;
				INFOPLIST_KEY_UILaunchStoryboardName = LaunchScreen;
				INFOPLIST_KEY_UIMainStoryboardFile = Main;
				INFOPLIST_KEY_UISupportedInterfaceOrientations_iPad = "UIInterfaceOrientationPortrait UIInterfaceOrientationPortraitUpsideDown UIInterfaceOrientationLandscapeLeft UIInterfaceOrientationLandscapeRight";
				INFOPLIST_KEY_UISupportedInterfaceOrientations_iPhone = "UIInterfaceOrientationPortrait UIInterfaceOrientationLandscapeLeft UIInterfaceOrientationLandscapeRight";
				LD_RUNPATH_SEARCH_PATHS = (
					"$(inherited)",
					"@executable_path/Frameworks",
				);
				MARKETING_VERSION = 1.0;
				PRODUCT_BUNDLE_IDENTIFIER = leejay.mealTimer;
				PRODUCT_NAME = "$(TARGET_NAME)";
				SWIFT_EMIT_LOC_STRINGS = YES;
				SWIFT_VERSION = 5.0;
				TARGETED_DEVICE_FAMILY = "1,2";
			};
			name = Release;
		};
/* End XCBuildConfiguration section */

/* Begin XCConfigurationList section */
		AE25E0062B0D7EF100681251 /* Build configuration list for PBXProject "mealTimer" */ = {
			isa = XCConfigurationList;
			buildConfigurations = (
				AE25E01D2B0D7EF200681251 /* Debug */,
				AE25E01E2B0D7EF200681251 /* Release */,
			);
			defaultConfigurationIsVisible = 0;
			defaultConfigurationName = Release;
		};
		AE25E01F2B0D7EF200681251 /* Build configuration list for PBXNativeTarget "mealTimer" */ = {
			isa = XCConfigurationList;
			buildConfigurations = (
				AE25E0202B0D7EF200681251 /* Debug */,
				AE25E0212B0D7EF200681251 /* Release */,
			);
			defaultConfigurationIsVisible = 0;
			defaultConfigurationName = Release;
		};
/* End XCConfigurationList section */

/* Begin XCVersionGroup section */
		AE56CA8E2B1BA29B001623E0 /* CycleData.xcdatamodeld */ = {
			isa = XCVersionGroup;
			children = (
				AE56CA8F2B1BA29B001623E0 /* CycleData.xcdatamodel */,
			);
			currentVersion = AE56CA8F2B1BA29B001623E0 /* CycleData.xcdatamodel */;
			path = CycleData.xcdatamodeld;
			sourceTree = "<group>";
			versionGroupType = wrapper.xcdatamodel;
		};
/* End XCVersionGroup section */
	};
	rootObject = AE25E0032B0D7EF100681251 /* Project object */;
}
